
Microsoft Visual Studio Solution File, Format Version 12.00
# Visual Studio Version 16
VisualStudioVersion = 16.0.31005.135
MinimumVisualStudioVersion = 10.0.40219.1
Project("{FAE04EC0-301F-11D3-BF4B-00C04F79EFBC}") = "MAPZ_LAB_5", "MAPZ_LAB_5\MAPZ_LAB_5.csproj", "{64EE2D69-A5B0-4F39-84DB-8A701962543A}"
EndProject
Global
	GlobalSection(SolutionConfigurationPlatforms) = preSolution
		Debug|Any CPU = Debug|Any CPU
		Release|Any CPU = Release|Any CPU
	EndGlobalSection
	GlobalSection(ProjectConfigurationPlatforms) = postSolution
		{64EE2D69-A5B0-4F39-84DB-8A701962543A}.Debug|Any CPU.ActiveCfg = Debug|Any CPU
		{64EE2D69-A5B0-4F39-84DB-8A701962543A}.Debug|Any CPU.Build.0 = Debug|Any CPU
		{64EE2D69-A5B0-4F39-84DB-8A701962543A}.Release|Any CPU.ActiveCfg = Release|Any CPU
		{64EE2D69-A5B0-4F39-84DB-8A701962543A}.Release|Any CPU.Build.0 = Release|Any CPU
	EndGlobalSection
	GlobalSection(SolutionProperties) = preSolution
		HideSolutionNode = FALSE
	EndGlobalSection
	GlobalSection(ExtensibilityGlobals) = postSolution
		SolutionGuid = {1C25CE75-F445-4FB7-AB8E-E2F365362324}
	EndGlobalSection
EndGlobal
